
Microsoft Visual Studio Solution File, Format Version 12.00
# Visual Studio Version 17
VisualStudioVersion = 17.2.32505.173
MinimumVisualStudioVersion = 10.0.40219.1
Project("{FAE04EC0-301F-11D3-BF4B-00C04F79EFBC}") = "TrainingScheduler.MVC", "TrainingScheduler.MVC\TrainingScheduler.MVC.csproj", "{3A66A0C2-1AEF-4F57-B5CB-86242CB8D896}"
EndProject
Project("{FAE04EC0-301F-11D3-BF4B-00C04F79EFBC}") = "TrainingScheduler.DAL", "TrainingScheduler.DAL\TrainingScheduler.DAL.csproj", "{46B9EAB5-13DE-41B1-95D9-F631385F0BA8}"
EndProject
Project("{FAE04EC0-301F-11D3-BF4B-00C04F79EFBC}") = "TrainingScheduler.DAL.Common", "TrainingScheduler.DAL.Common\TrainingScheduler.DAL.Common.csproj", "{F0939827-5CC9-4B52-8219-5D6C302174C8}"
EndProject
Global
	GlobalSection(SolutionConfigurationPlatforms) = preSolution
		Debug|Any CPU = Debug|Any CPU
		Release|Any CPU = Release|Any CPU
	EndGlobalSection
	GlobalSection(ProjectConfigurationPlatforms) = postSolution
		{3A66A0C2-1AEF-4F57-B5CB-86242CB8D896}.Debug|Any CPU.ActiveCfg = Debug|Any CPU
		{3A66A0C2-1AEF-4F57-B5CB-86242CB8D896}.Debug|Any CPU.Build.0 = Debug|Any CPU
		{3A66A0C2-1AEF-4F57-B5CB-86242CB8D896}.Release|Any CPU.ActiveCfg = Release|Any CPU
		{3A66A0C2-1AEF-4F57-B5CB-86242CB8D896}.Release|Any CPU.Build.0 = Release|Any CPU
		{46B9EAB5-13DE-41B1-95D9-F631385F0BA8}.Debug|Any CPU.ActiveCfg = Debug|Any CPU
		{46B9EAB5-13DE-41B1-95D9-F631385F0BA8}.Debug|Any CPU.Build.0 = Debug|Any CPU
		{46B9EAB5-13DE-41B1-95D9-F631385F0BA8}.Release|Any CPU.ActiveCfg = Release|Any CPU
		{46B9EAB5-13DE-41B1-95D9-F631385F0BA8}.Release|Any CPU.Build.0 = Release|Any CPU
		{F0939827-5CC9-4B52-8219-5D6C302174C8}.Debug|Any CPU.ActiveCfg = Debug|Any CPU
		{F0939827-5CC9-4B52-8219-5D6C302174C8}.Debug|Any CPU.Build.0 = Debug|Any CPU
		{F0939827-5CC9-4B52-8219-5D6C302174C8}.Release|Any CPU.ActiveCfg = Release|Any CPU
		{F0939827-5CC9-4B52-8219-5D6C302174C8}.Release|Any CPU.Build.0 = Release|Any CPU
	EndGlobalSection
	GlobalSection(SolutionProperties) = preSolution
		HideSolutionNode = FALSE
	EndGlobalSection
	GlobalSection(ExtensibilityGlobals) = postSolution
		SolutionGuid = {ACBA94FF-1914-4E55-8D92-5F37B40A4886}
	EndGlobalSection
EndGlobal
